
Microsoft Visual Studio Solution File, Format Version 12.00
# Visual Studio Version 17
VisualStudioVersion = 17.0.31903.59
MinimumVisualStudioVersion = 10.0.40219.1
Project("{2150E333-8FDC-42A3-9474-1A3956D46DE8}") = "src", "src", "{827E0CD3-B72D-47B6-A68D-7590B98EB39B}"
EndProject
Project("{FAE04EC0-301F-11D3-BF4B-00C04F79EFBC}") = "AzureJobOrchestrator.Core", "src\AzureJobOrchestrator.Core\AzureJobOrchestrator.Core.csproj", "{18ED9D9B-8E3C-4BCD-B0B7-79A4FC331A93}"
EndProject
Project("{FAE04EC0-301F-11D3-BF4B-00C04F79EFBC}") = "AzureJobOrchestrator.Api", "src\AzureJobOrchestrator.Api\AzureJobOrchestrator.Api.csproj", "{9DD1EFD2-4FC2-4534-9881-1EC0BC7959EC}"
EndProject
Project("{FAE04EC0-301F-11D3-BF4B-00C04F79EFBC}") = "AzureJobOrchestrator.Functions", "src\AzureJobOrchestrator.Functions\AzureJobOrchestrator.Functions.csproj", "{99F8A774-A647-4D33-BC0C-D52AC7380150}"
EndProject
Project("{FAE04EC0-301F-11D3-BF4B-00C04F79EFBC}") = "AzureJobOrchestrator.BatchWorker", "src\AzureJobOrchestrator.BatchWorker\AzureJobOrchestrator.BatchWorker.csproj", "{09CA2B27-BA82-4355-B387-E2F2C56973DF}"
EndProject
Global
	GlobalSection(SolutionConfigurationPlatforms) = preSolution
		Debug|Any CPU = Debug|Any CPU
		Debug|x64 = Debug|x64
		Debug|x86 = Debug|x86
		Release|Any CPU = Release|Any CPU
		Release|x64 = Release|x64
		Release|x86 = Release|x86
	EndGlobalSection
	GlobalSection(ProjectConfigurationPlatforms) = postSolution
		{18ED9D9B-8E3C-4BCD-B0B7-79A4FC331A93}.Debug|Any CPU.ActiveCfg = Debug|Any CPU
		{18ED9D9B-8E3C-4BCD-B0B7-79A4FC331A93}.Debug|Any CPU.Build.0 = Debug|Any CPU
		{18ED9D9B-8E3C-4BCD-B0B7-79A4FC331A93}.Debug|x64.ActiveCfg = Debug|Any CPU
		{18ED9D9B-8E3C-4BCD-B0B7-79A4FC331A93}.Debug|x64.Build.0 = Debug|Any CPU
		{18ED9D9B-8E3C-4BCD-B0B7-79A4FC331A93}.Debug|x86.ActiveCfg = Debug|Any CPU
		{18ED9D9B-8E3C-4BCD-B0B7-79A4FC331A93}.Debug|x86.Build.0 = Debug|Any CPU
		{18ED9D9B-8E3C-4BCD-B0B7-79A4FC331A93}.Release|Any CPU.ActiveCfg = Release|Any CPU
		{18ED9D9B-8E3C-4BCD-B0B7-79A4FC331A93}.Release|Any CPU.Build.0 = Release|Any CPU
		{18ED9D9B-8E3C-4BCD-B0B7-79A4FC331A93}.Release|x64.ActiveCfg = Release|Any CPU
		{18ED9D9B-8E3C-4BCD-B0B7-79A4FC331A93}.Release|x64.Build.0 = Release|Any CPU
		{18ED9D9B-8E3C-4BCD-B0B7-79A4FC331A93}.Release|x86.ActiveCfg = Release|Any CPU
		{18ED9D9B-8E3C-4BCD-B0B7-79A4FC331A93}.Release|x86.Build.0 = Release|Any CPU
		{9DD1EFD2-4FC2-4534-9881-1EC0BC7959EC}.Debug|Any CPU.ActiveCfg = Debug|Any CPU
		{9DD1EFD2-4FC2-4534-9881-1EC0BC7959EC}.Debug|Any CPU.Build.0 = Debug|Any CPU
		{9DD1EFD2-4FC2-4534-9881-1EC0BC7959EC}.Debug|x64.ActiveCfg = Debug|Any CPU
		{9DD1EFD2-4FC2-4534-9881-1EC0BC7959EC}.Debug|x64.Build.0 = Debug|Any CPU
		{9DD1EFD2-4FC2-4534-9881-1EC0BC7959EC}.Debug|x86.ActiveCfg = Debug|Any CPU
		{9DD1EFD2-4FC2-4534-9881-1EC0BC7959EC}.Debug|x86.Build.0 = Debug|Any CPU
		{9DD1EFD2-4FC2-4534-9881-1EC0BC7959EC}.Release|Any CPU.ActiveCfg = Release|Any CPU
		{9DD1EFD2-4FC2-4534-9881-1EC0BC7959EC}.Release|Any CPU.Build.0 = Release|Any CPU
		{9DD1EFD2-4FC2-4534-9881-1EC0BC7959EC}.Release|x64.ActiveCfg = Release|Any CPU
		{9DD1EFD2-4FC2-4534-9881-1EC0BC7959EC}.Release|x64.Build.0 = Release|Any CPU
		{9DD1EFD2-4FC2-4534-9881-1EC0BC7959EC}.Release|x86.ActiveCfg = Release|Any CPU
		{9DD1EFD2-4FC2-4534-9881-1EC0BC7959EC}.Release|x86.Build.0 = Release|Any CPU
		{99F8A774-A647-4D33-BC0C-D52AC7380150}.Debug|Any CPU.ActiveCfg = Debug|Any CPU
		{99F8A774-A647-4D33-BC0C-D52AC7380150}.Debug|Any CPU.Build.0 = Debug|Any CPU
		{99F8A774-A647-4D33-BC0C-D52AC7380150}.Debug|x64.ActiveCfg = Debug|Any CPU
		{99F8A774-A647-4D33-BC0C-D52AC7380150}.Debug|x64.Build.0 = Debug|Any CPU
		{99F8A774-A647-4D33-BC0C-D52AC7380150}.Debug|x86.ActiveCfg = Debug|Any CPU
		{99F8A774-A647-4D33-BC0C-D52AC7380150}.Debug|x86.Build.0 = Debug|Any CPU
		{99F8A774-A647-4D33-BC0C-D52AC7380150}.Release|Any CPU.ActiveCfg = Release|Any CPU
		{99F8A774-A647-4D33-BC0C-D52AC7380150}.Release|Any CPU.Build.0 = Release|Any CPU
		{99F8A774-A647-4D33-BC0C-D52AC7380150}.Release|x64.ActiveCfg = Release|Any CPU
		{99F8A774-A647-4D33-BC0C-D52AC7380150}.Release|x64.Build.0 = Release|Any CPU
		{99F8A774-A647-4D33-BC0C-D52AC7380150}.Release|x86.ActiveCfg = Release|Any CPU
		{99F8A774-A647-4D33-BC0C-D52AC7380150}.Release|x86.Build.0 = Release|Any CPU
		{09CA2B27-BA82-4355-B387-E2F2C56973DF}.Debug|Any CPU.ActiveCfg = Debug|Any CPU
		{09CA2B27-BA82-4355-B387-E2F2C56973DF}.Debug|Any CPU.Build.0 = Debug|Any CPU
		{09CA2B27-BA82-4355-B387-E2F2C56973DF}.Debug|x64.ActiveCfg = Debug|Any CPU
		{09CA2B27-BA82-4355-B387-E2F2C56973DF}.Debug|x64.Build.0 = Debug|Any CPU
		{09CA2B27-BA82-4355-B387-E2F2C56973DF}.Debug|x86.ActiveCfg = Debug|Any CPU
		{09CA2B27-BA82-4355-B387-E2F2C56973DF}.Debug|x86.Build.0 = Debug|Any CPU
		{09CA2B27-BA82-4355-B387-E2F2C56973DF}.Release|Any CPU.ActiveCfg = Release|Any CPU
		{09CA2B27-BA82-4355-B387-E2F2C56973DF}.Release|Any CPU.Build.0 = Release|Any CPU
		{09CA2B27-BA82-4355-B387-E2F2C56973DF}.Release|x64.ActiveCfg = Release|Any CPU
		{09CA2B27-BA82-4355-B387-E2F2C56973DF}.Release|x64.Build.0 = Release|Any CPU
		{09CA2B27-BA82-4355-B387-E2F2C56973DF}.Release|x86.ActiveCfg = Release|Any CPU
		{09CA2B27-BA82-4355-B387-E2F2C56973DF}.Release|x86.Build.0 = Release|Any CPU
	EndGlobalSection
	GlobalSection(SolutionProperties) = preSolution
		HideSolutionNode = FALSE
	EndGlobalSection
	GlobalSection(NestedProjects) = preSolution
		{18ED9D9B-8E3C-4BCD-B0B7-79A4FC331A93} = {827E0CD3-B72D-47B6-A68D-7590B98EB39B}
		{9DD1EFD2-4FC2-4534-9881-1EC0BC7959EC} = {827E0CD3-B72D-47B6-A68D-7590B98EB39B}
		{99F8A774-A647-4D33-BC0C-D52AC7380150} = {827E0CD3-B72D-47B6-A68D-7590B98EB39B}
		{09CA2B27-BA82-4355-B387-E2F2C56973DF} = {827E0CD3-B72D-47B6-A68D-7590B98EB39B}
	EndGlobalSection
EndGlobal
